
Microsoft Visual Studio Solution File, Format Version 12.00
# Visual Studio Version 17
VisualStudioVersion = 17.8.34525.116
MinimumVisualStudioVersion = 10.0.40219.1
Project("{9A19103F-16F7-4668-BE54-9A1E7A4F7556}") = "BattleshipLiteLibrary", "BattleshipLiteLibrary\BattleshipLiteLibrary.csproj", "{DDF0C6ED-2E3D-44FC-B3B8-1C5974EFDEE3}"
EndProject
Project("{FAE04EC0-301F-11D3-BF4B-00C04F79EFBC}") = "BattleshipLite", "BattleshipLite\BattleshipLite.csproj", "{3863D8F8-0264-49A0-BD5B-CACF517FF7AE}"
EndProject
Global
	GlobalSection(SolutionConfigurationPlatforms) = preSolution
		Debug|Any CPU = Debug|Any CPU
		Release|Any CPU = Release|Any CPU
	EndGlobalSection
	GlobalSection(ProjectConfigurationPlatforms) = postSolution
		{DDF0C6ED-2E3D-44FC-B3B8-1C5974EFDEE3}.Debug|Any CPU.ActiveCfg = Debug|Any CPU
		{DDF0C6ED-2E3D-44FC-B3B8-1C5974EFDEE3}.Debug|Any CPU.Build.0 = Debug|Any CPU
		{DDF0C6ED-2E3D-44FC-B3B8-1C5974EFDEE3}.Release|Any CPU.ActiveCfg = Release|Any CPU
		{DDF0C6ED-2E3D-44FC-B3B8-1C5974EFDEE3}.Release|Any CPU.Build.0 = Release|Any CPU
		{3863D8F8-0264-49A0-BD5B-CACF517FF7AE}.Debug|Any CPU.ActiveCfg = Debug|Any CPU
		{3863D8F8-0264-49A0-BD5B-CACF517FF7AE}.Debug|Any CPU.Build.0 = Debug|Any CPU
		{3863D8F8-0264-49A0-BD5B-CACF517FF7AE}.Release|Any CPU.ActiveCfg = Release|Any CPU
		{3863D8F8-0264-49A0-BD5B-CACF517FF7AE}.Release|Any CPU.Build.0 = Release|Any CPU
	EndGlobalSection
	GlobalSection(SolutionProperties) = preSolution
		HideSolutionNode = FALSE
	EndGlobalSection
	GlobalSection(ExtensibilityGlobals) = postSolution
		SolutionGuid = {E077E08C-1CB3-42B7-B8AF-1F419B8337DE}
	EndGlobalSection
EndGlobal
